
Microsoft Visual Studio Solution File, Format Version 12.00
# Visual Studio Version 16
VisualStudioVersion = 16.0.31005.135
MinimumVisualStudioVersion = 10.0.40219.1
Project("{FAE04EC0-301F-11D3-BF4B-00C04F79EFBC}") = "HeartBeatService", "HeartBeatService\HeartBeatService.csproj", "{92BB0AD8-61C6-4FAA-A132-D4C0EC9A22A6}"
EndProject
Global
	GlobalSection(SolutionConfigurationPlatforms) = preSolution
		Debug|Any CPU = Debug|Any CPU
		Release|Any CPU = Release|Any CPU
	EndGlobalSection
	GlobalSection(ProjectConfigurationPlatforms) = postSolution
		{92BB0AD8-61C6-4FAA-A132-D4C0EC9A22A6}.Debug|Any CPU.ActiveCfg = Debug|Any CPU
		{92BB0AD8-61C6-4FAA-A132-D4C0EC9A22A6}.Debug|Any CPU.Build.0 = Debug|Any CPU
		{92BB0AD8-61C6-4FAA-A132-D4C0EC9A22A6}.Release|Any CPU.ActiveCfg = Release|Any CPU
		{92BB0AD8-61C6-4FAA-A132-D4C0EC9A22A6}.Release|Any CPU.Build.0 = Release|Any CPU
	EndGlobalSection
	GlobalSection(SolutionProperties) = preSolution
		HideSolutionNode = FALSE
	EndGlobalSection
	GlobalSection(ExtensibilityGlobals) = postSolution
		SolutionGuid = {21A441BA-62AC-4B31-9170-3ABBCFB421F5}
	EndGlobalSection
EndGlobal
